
Microsoft Visual Studio Solution File, Format Version 12.00
# Visual Studio Version 17
VisualStudioVersion = 17.2.32630.192
MinimumVisualStudioVersion = 10.0.40219.1
Project("{8BC9CEB8-8B4A-11D0-8D11-00A0C91BC942}") = "virtual_function", "virtual_function\virtual_function.vcxproj", "{19E3CA9B-0056-41D8-A3E6-E418FF9E0314}"
EndProject
Global
	GlobalSection(SolutionConfigurationPlatforms) = preSolution
		Debug|x64 = Debug|x64
		Debug|x86 = Debug|x86
		Release|x64 = Release|x64
		Release|x86 = Release|x86
	EndGlobalSection
	GlobalSection(ProjectConfigurationPlatforms) = postSolution
		{19E3CA9B-0056-41D8-A3E6-E418FF9E0314}.Debug|x64.ActiveCfg = Debug|x64
		{19E3CA9B-0056-41D8-A3E6-E418FF9E0314}.Debug|x64.Build.0 = Debug|x64
		{19E3CA9B-0056-41D8-A3E6-E418FF9E0314}.Debug|x86.ActiveCfg = Debug|Win32
		{19E3CA9B-0056-41D8-A3E6-E418FF9E0314}.Debug|x86.Build.0 = Debug|Win32
		{19E3CA9B-0056-41D8-A3E6-E418FF9E0314}.Release|x64.ActiveCfg = Release|x64
		{19E3CA9B-0056-41D8-A3E6-E418FF9E0314}.Release|x64.Build.0 = Release|x64
		{19E3CA9B-0056-41D8-A3E6-E418FF9E0314}.Release|x86.ActiveCfg = Release|Win32
		{19E3CA9B-0056-41D8-A3E6-E418FF9E0314}.Release|x86.Build.0 = Release|Win32
	EndGlobalSection
	GlobalSection(SolutionProperties) = preSolution
		HideSolutionNode = FALSE
	EndGlobalSection
	GlobalSection(ExtensibilityGlobals) = postSolution
		SolutionGuid = {21865AE8-6858-4025-98AB-EEB488C85958}
	EndGlobalSection
EndGlobal
